<Solution>
  <Folder Name="/src/">
    <Project Path="src/SocialScope.Api/SocialScope.Api.csproj" Id="328192c4-597a-4afc-bf19-b79f7a481258" />
    <Project Path="src/SocialScope.Application/SocialScope.Application.csproj" Id="e7591e75-ac40-43c1-847e-d0fe4a070dd4" />
    <Project Path="src/SocialScope.Domain/SocialScope.Domain.csproj" Id="472c4762-b507-4e1c-9b16-874f0f3a256b" />
    <Project Path="src/SocialScope.Infrastructure/SocialScope.Infrastructure.csproj" Id="edd4a70a-d7a8-428c-9486-c8fdee06328a" />
  </Folder>
</Solution>
